// !$*UTF8*$!
{
	archiveVersion = 1;
	classes = {
	};
	objectVersion = 46;
	objects = {

/* Begin PBXBuildFile section */
		E83941FC1CB38D36006E3AEC /* main.m in Sources */ = {isa = PBXBuildFile; fileRef = E83941FB1CB38D36006E3AEC /* main.m */; };
		E83941FF1CB38D36006E3AEC /* AppDelegate.m in Sources */ = {isa = PBXBuildFile; fileRef = E83941FE1CB38D36006E3AEC /* AppDelegate.m */; };
		E83942021CB38D36006E3AEC /* ViewController.m in Sources */ = {isa = PBXBuildFile; fileRef = E83942011CB38D36006E3AEC /* ViewController.m */; };
		E83942071CB38D36006E3AEC /* Assets.xcassets in Resources */ = {isa = PBXBuildFile; fileRef = E83942061CB38D36006E3AEC /* Assets.xcassets */; };
		E839420A1CB38D36006E3AEC /* LaunchScreen.storyboard in Resources */ = {isa = PBXBuildFile; fileRef = E83942081CB38D36006E3AEC /* LaunchScreen.storyboard */; };
		E83942141CB38E6A006E3AEC /* aaa.png in Resources */ = {isa = PBXBuildFile; fileRef = E83942131CB38E6A006E3AEC /* aaa.png */; };
		E83942171CB3936D006E3AEC /* TableViewCell.m in Sources */ = {isa = PBXBuildFile; fileRef = E83942161CB3936D006E3AEC /* TableViewCell.m */; };
/* End PBXBuildFile section */

/* Begin PBXFileReference section */
		E83941F71CB38D36006E3AEC /* TableView.app */ = {isa = PBXFileReference; explicitFileType = wrapper.application; includeInIndex = 0; path = TableView.app; sourceTree = BUILT_PRODUCTS_DIR; };
		E83941FB1CB38D36006E3AEC /* main.m */ = {isa = PBXFileReference; lastKnownFileType = sourcecode.c.objc; path = main.m; sourceTree = "<group>"; };
		E83941FD1CB38D36006E3AEC /* AppDelegate.h */ = {isa = PBXFileReference; lastKnownFileType = sourcecode.c.h; path = AppDelegate.h; sourceTree = "<group>"; };
		E83941FE1CB38D36006E3AEC /* AppDelegate.m */ = {isa = PBXFileReference; lastKnownFileType = sourcecode.c.objc; path = AppDelegate.m; sourceTree = "<group>"; };
		E83942001CB38D36006E3AEC /* ViewController.h */ = {isa = PBXFileReference; lastKnownFileType = sourcecode.c.h; path = ViewController.h; sourceTree = "<group>"; };
		E83942011CB38D36006E3AEC /* ViewController.m */ = {isa = PBXFileReference; lastKnownFileType = sourcecode.c.objc; path = ViewController.m; sourceTree = "<group>"; };
		E83942061CB38D36006E3AEC /* Assets.xcassets */ = {isa = PBXFileReference; lastKnownFileType = folder.assetcatalog; path = Assets.xcassets; sourceTree = "<group>"; };
		E83942091CB38D36006E3AEC /* Base */ = {isa = PBXFileReference; lastKnownFileType = file.storyboard; name = Base; path = Base.lproj/LaunchScreen.storyboard; sourceTree = "<group>"; };
		E839420B1CB38D36006E3AEC /* Info.plist */ = {isa = PBXFileReference; lastKnownFileType = text.plist.xml; path = Info.plist; sourceTree = "<group>"; };
		E83942131CB38E6A006E3AEC /* aaa.png */ = {isa = PBXFileReference; lastKnownFileType = image.png; name = aaa.png; path = ../../aaa.png; sourceTree = "<group>"; };
		E83942151CB3936D006E3AEC /* TableViewCell.h */ = {isa = PBXFileReference; fileEncoding = 4; lastKnownFileType = sourcecode.c.h; path = TableViewCell.h; sourceTree = "<group>"; };
		E83942161CB3936D006E3AEC /* TableViewCell.m */ = {isa = PBXFileReference; fileEncoding = 4; lastKnownFileType = sourcecode.c.objc; path = TableViewCell.m; sourceTree = "<group>"; };
/* End PBXFileReference section */

/* Begin PBXFrameworksBuildPhase section */
		E83941F41CB38D36006E3AEC /* Frameworks */ = {
			isa = PBXFrameworksBuildPhase;
			buildActionMask = 2147483647;
			files = (
			);
			runOnlyForDeploymentPostprocessing = 0;
		};
/* End PBXFrameworksBuildPhase section */

/* Begin PBXGroup section */
		E83941EE1CB38D36006E3AEC = {
			isa = PBXGroup;
			children = (
				E83941F91CB38D36006E3AEC /* TableView */,
				E83941F81CB38D36006E3AEC /* Products */,
			);
			sourceTree = "<group>";
		};
		E83941F81CB38D36006E3AEC /* Products */ = {
			isa = PBXGroup;
			children = (
				E83941F71CB38D36006E3AEC /* TableView.app */,
			);
			name = Products;
			sourceTree = "<group>";
		};
		E83941F91CB38D36006E3AEC /* TableView */ = {
			isa = PBXGroup;
			children = (
				E83942131CB38E6A006E3AEC /* aaa.png */,
				E83941FD1CB38D36006E3AEC /* AppDelegate.h */,
				E83941FE1CB38D36006E3AEC /* AppDelegate.m */,
				E83942001CB38D36006E3AEC /* ViewController.h */,
				E83942011CB38D36006E3AEC /* ViewController.m */,
				E83942061CB38D36006E3AEC /* Assets.xcassets */,
				E83942081CB38D36006E3AEC /* LaunchScreen.storyboard */,
				E839420B1CB38D36006E3AEC /* Info.plist */,
				E83941FA1CB38D36006E3AEC /* Supporting Files */,
				E83942151CB3936D006E3AEC /* TableViewCell.h */,
				E83942161CB3936D006E3AEC /* TableViewCell.m */,
			);
			path = TableView;
			sourceTree = "<group>";
		};
		E83941FA1CB38D36006E3AEC /* Supporting Files */ = {
			isa = PBXGroup;
			children = (
				E83941FB1CB38D36006E3AEC /* main.m */,
			);
			name = "Supporting Files";
			sourceTree = "<group>";
		};
/* End PBXGroup section */

/* Begin PBXNativeTarget section */
		E83941F61CB38D36006E3AEC /* TableView */ = {
			isa = PBXNativeTarget;
			buildConfigurationList = E839420E1CB38D36006E3AEC /* Build configuration list for PBXNativeTarget "TableView" */;
			buildPhases = (
				E83941F31CB38D36006E3AEC /* Sources */,
				E83941F41CB38D36006E3AEC /* Frameworks */,
				E83941F51CB38D36006E3AEC /* Resources */,
			);
			buildRules = (
			);
			dependencies = (
			);
			name = TableView;
			productName = TableView;
			productReference = E83941F71CB38D36006E3AEC /* TableView.app */;
			productType = "com.apple.product-type.application";
		};
/* End PBXNativeTarget section */

/* Begin PBXProject section */
		E83941EF1CB38D36006E3AEC /* Project object */ = {
			isa = PBXProject;
			attributes = {
				LastUpgradeCheck = 0720;
				ORGANIZATIONNAME = "骏飞 奚";
				TargetAttributes = {
					E83941F61CB38D36006E3AEC = {
						CreatedOnToolsVersion = 7.2;
					};
				};
			};
			buildConfigurationList = E83941F21CB38D36006E3AEC /* Build configuration list for PBXProject "TableView" */;
			compatibilityVersion = "Xcode 3.2";
			developmentRegion = English;
			hasScannedForEncodings = 0;
			knownRegions = (
				en,
				Base,
			);
			mainGroup = E83941EE1CB38D36006E3AEC;
			productRefGroup = E83941F81CB38D36006E3AEC /* Products */;
			projectDirPath = "";
			projectRoot = "";
			targets = (
				E83941F61CB38D36006E3AEC /* TableView */,
			);
		};
/* End PBXProject section */

/* Begin PBXResourcesBuildPhase section */
		E83941F51CB38D36006E3AEC /* Resources */ = {
			isa = PBXResourcesBuildPhase;
			buildActionMask = 2147483647;
			files = (
				E839420A1CB38D36006E3AEC /* LaunchScreen.storyboard in Resources */,
				E83942141CB38E6A006E3AEC /* aaa.png in Resources */,
				E83942071CB38D36006E3AEC /* Assets.xcassets in Resources */,
			);
			runOnlyForDeploymentPostprocessing = 0;
		};
/* End PBXResourcesBuildPhase section */

/* Begin PBXSourcesBuildPhase section */
		E83941F31CB38D36006E3AEC /* Sources */ = {
			isa = PBXSourcesBuildPhase;
			buildActionMask = 2147483647;
			files = (
				E83942021CB38D36006E3AEC /* ViewController.m in Sources */,
				E83942171CB3936D006E3AEC /* TableViewCell.m in Sources */,
				E83941FF1CB38D36006E3AEC /* AppDelegate.m in Sources */,
				E83941FC1CB38D36006E3AEC /* main.m in Sources */,
			);
			runOnlyForDeploymentPostprocessing = 0;
		};
/* End PBXSourcesBuildPhase section */

/* Begin PBXVariantGroup section */
		E83942081CB38D36006E3AEC /* LaunchScreen.storyboard */ = {
			isa = PBXVariantGroup;
			children = (
				E83942091CB38D36006E3AEC /* Base */,
			);
			name = LaunchScreen.storyboard;
			sourceTree = "<group>";
		};
/* End PBXVariantGroup section */

/* Begin XCBuildConfiguration section */
		E839420C1CB38D36006E3AEC /* Debug */ = {
			isa = XCBuildConfiguration;
			buildSettings = {
				ALWAYS_SEARCH_USER_PATHS = NO;
				CLANG_CXX_LANGUAGE_STANDARD = "gnu++0x";
				CLANG_CXX_LIBRARY = "libc++";
				CLANG_ENABLE_MODULES = YES;
				CLANG_ENABLE_OBJC_ARC = YES;
				CLANG_WARN_BOOL_CONVERSION = YES;
				CLANG_WARN_CONSTANT_CONVERSION = YES;
				CLANG_WARN_DIRECT_OBJC_ISA_USAGE = YES_ERROR;
				CLANG_WARN_EMPTY_BODY = YES;
				CLANG_WARN_ENUM_CONVERSION = YES;
				CLANG_WARN_INT_CONVERSION = YES;
				CLANG_WARN_OBJC_ROOT_CLASS = YES_ERROR;
				CLANG_WARN_UNREACHABLE_CODE = YES;
				CLANG_WARN__DUPLICATE_METHOD_MATCH = YES;
				"CODE_SIGN_IDENTITY[sdk=iphoneos*]" = "iPhone Developer";
				COPY_PHASE_STRIP = NO;
				DEBUG_INFORMATION_FORMAT = dwarf;
				ENABLE_STRICT_OBJC_MSGSEND = YES;
				ENABLE_TESTABILITY = YES;
				GCC_C_LANGUAGE_STANDARD = gnu99;
				GCC_DYNAMIC_NO_PIC = NO;
				GCC_NO_COMMON_BLOCKS = YES;
				GCC_OPTIMIZATION_LEVEL = 0;
				GCC_PREPROCESSOR_DEFINITIONS = (
					"DEBUG=1",
					"$(inherited)",
				);
				GCC_WARN_64_TO_32_BIT_CONVERSION = YES;
				GCC_WARN_ABOUT_RETURN_TYPE = YES_ERROR;
				GCC_WARN_UNDECLARED_SELECTOR = YES;
				GCC_WARN_UNINITIALIZED_AUTOS = YES_AGGRESSIVE;
				GCC_WARN_UNUSED_FUNCTION = YES;
				GCC_WARN_UNUSED_VARIABLE = YES;
				IPHONEOS_DEPLOYMENT_TARGET = 9.2;
				MTL_ENABLE_DEBUG_INFO = YES;
				ONLY_ACTIVE_ARCH = YES;
				SDKROOT = iphoneos;
				TARGETED_DEVICE_FAMILY = "1,2";
			};
			name = Debug;
		};
		E839420D1CB38D36006E3AEC /* Release */ = {
			isa = XCBuildConfiguration;
			buildSettings = {
				ALWAYS_SEARCH_USER_PATHS = NO;
				CLANG_CXX_LANGUAGE_STANDARD = "gnu++0x";
				CLANG_CXX_LIBRARY = "libc++";
				CLANG_ENABLE_MODULES = YES;
				CLANG_ENABLE_OBJC_ARC = YES;
				CLANG_WARN_BOOL_CONVERSION = YES;
				CLANG_WARN_CONSTANT_CONVERSION = YES;
				CLANG_WARN_DIRECT_OBJC_ISA_USAGE = YES_ERROR;
				CLANG_WARN_EMPTY_BODY = YES;
				CLANG_WARN_ENUM_CONVERSION = YES;
				CLANG_WARN_INT_CONVERSION = YES;
				CLANG_WARN_OBJC_ROOT_CLASS = YES_ERROR;
				CLANG_WARN_UNREACHABLE_CODE = YES;
				CLANG_WARN__DUPLICATE_METHOD_MATCH = YES;
				"CODE_SIGN_IDENTITY[sdk=iphoneos*]" = "iPhone Developer";
				COPY_PHASE_STRIP = NO;
				DEBUG_INFORMATION_FORMAT = "dwarf-with-dsym";
				ENABLE_NS_ASSERTIONS = NO;
				ENABLE_STRICT_OBJC_MSGSEND = YES;
				GCC_C_LANGUAGE_STANDARD = gnu99;
				GCC_NO_COMMON_BLOCKS = YES;
				GCC_WARN_64_TO_32_BIT_CONVERSION = YES;
				GCC_WARN_ABOUT_RETURN_TYPE = YES_ERROR;
				GCC_WARN_UNDECLARED_SELECTOR = YES;
				GCC_WARN_UNINITIALIZED_AUTOS = YES_AGGRESSIVE;
				GCC_WARN_UNUSED_FUNCTION = YES;
				GCC_WARN_UNUSED_VARIABLE = YES;
				IPHONEOS_DEPLOYMENT_TARGET = 9.2;
				MTL_ENABLE_DEBUG_INFO = NO;
				SDKROOT = iphoneos;
				TARGETED_DEVICE_FAMILY = "1,2";
				VALIDATE_PRODUCT = YES;
			};
			name = Release;
		};
		E839420F1CB38D36006E3AEC /* Debug */ = {
			isa = XCBuildConfiguration;
			buildSettings = {
				ASSETCATALOG_COMPILER_APPICON_NAME = AppIcon;
				INFOPLIST_FILE = TableView/Info.plist;
				LD_RUNPATH_SEARCH_PATHS = "$(inherited) @executable_path/Frameworks";
				PRODUCT_BUNDLE_IDENTIFIER = com.joe.TableView;
				PRODUCT_NAME = "$(TARGET_NAME)";
			};
			name = Debug;
		};
		E83942101CB38D36006E3AEC /* Release */ = {
			isa = XCBuildConfiguration;
			buildSettings = {
				ASSETCATALOG_COMPILER_APPICON_NAME = AppIcon;
				INFOPLIST_FILE = TableView/Info.plist;
				LD_RUNPATH_SEARCH_PATHS = "$(inherited) @executable_path/Frameworks";
				PRODUCT_BUNDLE_IDENTIFIER = com.joe.TableView;
				PRODUCT_NAME = "$(TARGET_NAME)";
			};
			name = Release;
		};
/* End XCBuildConfiguration section */

/* Begin XCConfigurationList section */
		E83941F21CB38D36006E3AEC /* Build configuration list for PBXProject "TableView" */ = {
			isa = XCConfigurationList;
			buildConfigurations = (
				E839420C1CB38D36006E3AEC /* Debug */,
				E839420D1CB38D36006E3AEC /* Release */,
			);
			defaultConfigurationIsVisible = 0;
			defaultConfigurationName = Release;
		};
		E839420E1CB38D36006E3AEC /* Build configuration list for PBXNativeTarget "TableView" */ = {
			isa = XCConfigurationList;
			buildConfigurations = (
				E839420F1CB38D36006E3AEC /* Debug */,
				E83942101CB38D36006E3AEC /* Release */,
			);
			defaultConfigurationIsVisible = 0;
		};
/* End XCConfigurationList section */
	};
	rootObject = E83941EF1CB38D36006E3AEC /* Project object */;
}
